
Microsoft Visual Studio Solution File, Format Version 11.00
# Visual Studio 2010
Project("{FAE04EC0-301F-11D3-BF4B-00C04F79EFBC}") = "RecruitWeb", "RecruitWeb\RecruitWeb.csproj", "{79890622-797E-496C-8CF9-B143E29D3624}"
EndProject
Global
	GlobalSection(SolutionConfigurationPlatforms) = preSolution
		Debug|Any CPU = Debug|Any CPU
		Release|Any CPU = Release|Any CPU
	EndGlobalSection
	GlobalSection(ProjectConfigurationPlatforms) = postSolution
		{79890622-797E-496C-8CF9-B143E29D3624}.Debug|Any CPU.ActiveCfg = Debug|Any CPU
		{79890622-797E-496C-8CF9-B143E29D3624}.Debug|Any CPU.Build.0 = Debug|Any CPU
		{79890622-797E-496C-8CF9-B143E29D3624}.Release|Any CPU.ActiveCfg = Release|Any CPU
		{79890622-797E-496C-8CF9-B143E29D3624}.Release|Any CPU.Build.0 = Release|Any CPU
	EndGlobalSection
	GlobalSection(SolutionProperties) = preSolution
		HideSolutionNode = FALSE
	EndGlobalSection
EndGlobal
